
Microsoft Visual Studio Solution File, Format Version 12.00
# Visual Studio Version 17
VisualStudioVersion = 17.8.34309.116
MinimumVisualStudioVersion = 10.0.40219.1
Project("{FAE04EC0-301F-11D3-BF4B-00C04F79EFBC}") = "OverloadsOppgave", "OverloadsOppgave\OverloadsOppgave.csproj", "{B282D0A5-1B28-439C-8A25-A2BFE40C5D19}"
EndProject
Global
	GlobalSection(SolutionConfigurationPlatforms) = preSolution
		Debug|Any CPU = Debug|Any CPU
		Release|Any CPU = Release|Any CPU
	EndGlobalSection
	GlobalSection(ProjectConfigurationPlatforms) = postSolution
		{B282D0A5-1B28-439C-8A25-A2BFE40C5D19}.Debug|Any CPU.ActiveCfg = Debug|Any CPU
		{B282D0A5-1B28-439C-8A25-A2BFE40C5D19}.Debug|Any CPU.Build.0 = Debug|Any CPU
		{B282D0A5-1B28-439C-8A25-A2BFE40C5D19}.Release|Any CPU.ActiveCfg = Release|Any CPU
		{B282D0A5-1B28-439C-8A25-A2BFE40C5D19}.Release|Any CPU.Build.0 = Release|Any CPU
	EndGlobalSection
	GlobalSection(SolutionProperties) = preSolution
		HideSolutionNode = FALSE
	EndGlobalSection
	GlobalSection(ExtensibilityGlobals) = postSolution
		SolutionGuid = {557ED9B0-569F-41D9-93C5-7C1A7C910817}
	EndGlobalSection
EndGlobal
